
Microsoft Visual Studio Solution File, Format Version 12.00
# Visual Studio Version 16
VisualStudioVersion = 16.0.31112.23
MinimumVisualStudioVersion = 10.0.40219.1
Project("{2150E333-8FDC-42A3-9474-1A3956D46DE8}") = "Chapter02", "Chapter02", "{EF124BFC-E218-4314-A60D-7389CACD0C79}"
EndProject
Project("{FAE04EC0-301F-11D3-BF4B-00C04F79EFBC}") = "DistanceConverter", "DistanceConverter\DistanceConverter.csproj", "{11DD88F3-5CF9-42B4-B93F-2A0625D9DC44}"
EndProject
Project("{FAE04EC0-301F-11D3-BF4B-00C04F79EFBC}") = "SalesCalculator", "SalesCalculator\SalesCalculator.csproj", "{4724961C-F5E5-4ECF-96F3-A92B93ECCE3E}"
EndProject
Project("{FAE04EC0-301F-11D3-BF4B-00C04F79EFBC}") = "Exercise1", "Exercise1\Exercise1.csproj", "{07BB8505-E82E-4380-BC31-B01A4E856992}"
EndProject
Project("{2150E333-8FDC-42A3-9474-1A3956D46DE8}") = "Exercise", "Exercise", "{DE54F771-A8A3-4238-B933-8FDBF77D05B4}"
EndProject
Project("{FAE04EC0-301F-11D3-BF4B-00C04F79EFBC}") = "Excise2", "Excise2\Excise2.csproj", "{0737E04F-8F0C-4C50-AD96-1CAB1C481EB9}"
EndProject
Project("{FAE04EC0-301F-11D3-BF4B-00C04F79EFBC}") = "Exercise3", "Exercise3\Exercise3.csproj", "{6C3552CE-0A81-45EB-AFDC-E90A4B342F63}"
EndProject
Project("{2150E333-8FDC-42A3-9474-1A3956D46DE8}") = "Chapter03", "Chapter03", "{1CBA0396-2714-4095-8650-77ED88325886}"
EndProject
Project("{FAE04EC0-301F-11D3-BF4B-00C04F79EFBC}") = "Section1", "Section1\Section1.csproj", "{514C182F-BB72-4B24-8887-729113692E17}"
EndProject
Project("{FAE04EC0-301F-11D3-BF4B-00C04F79EFBC}") = "Section01", "chapter04\Section01\Section01.csproj", "{36073D06-1C9A-40C8-9ADA-853BE6F24C6E}"
EndProject
Project("{2150E333-8FDC-42A3-9474-1A3956D46DE8}") = "Chapter04", "Chapter04", "{1A94D7C7-3A14-455B-BDD1-D6FFCE8EF0F1}"
EndProject
Project("{FAE04EC0-301F-11D3-BF4B-00C04F79EFBC}") = "Exercise1", "chapter04\Exercise\Exercise1\Exercise1.csproj", "{CCBD91BF-B22F-466E-8F03-F6B0B2C98A0C}"
EndProject
Project("{2150E333-8FDC-42A3-9474-1A3956D46DE8}") = "Exercise", "Exercise", "{D080A444-3D46-4AE9-A82D-4A422B25DF94}"
EndProject
Project("{FAE04EC0-301F-11D3-BF4B-00C04F79EFBC}") = "Exercise2", "chapter04\Exercise\Exercise2\Exercise2.csproj", "{C2D9D1AB-7E09-4302-B9C4-E95AEBC560D9}"
EndProject
Project("{FAE04EC0-301F-11D3-BF4B-00C04F79EFBC}") = "Exercise1", "Chapter05\Exercise1\Exercise1.csproj", "{758587AF-76E3-42E7-98E1-3AA40F3E813E}"
EndProject
Project("{2150E333-8FDC-42A3-9474-1A3956D46DE8}") = "Chapter05", "Chapter05", "{4BBDCDE1-D96D-4C4D-BB26-6F7FE8E00E9D}"
EndProject
Project("{FAE04EC0-301F-11D3-BF4B-00C04F79EFBC}") = "Test01", "TestProject\Test01\Test01.csproj", "{2BFACDC3-F44D-4199-8498-F5C3C4AC0335}"
EndProject
Project("{FAE04EC0-301F-11D3-BF4B-00C04F79EFBC}") = "Test02", "TestProject\Test02\Test02.csproj", "{E461C0A8-8900-485C-B520-E929BA33F712}"
EndProject
Project("{2150E333-8FDC-42A3-9474-1A3956D46DE8}") = "Testproject", "Testproject", "{F8FBBF98-F377-4CB6-BF3E-487006F419EB}"
EndProject
Global
	GlobalSection(SolutionConfigurationPlatforms) = preSolution
		Debug|Any CPU = Debug|Any CPU
		Release|Any CPU = Release|Any CPU
	EndGlobalSection
	GlobalSection(ProjectConfigurationPlatforms) = postSolution
		{11DD88F3-5CF9-42B4-B93F-2A0625D9DC44}.Debug|Any CPU.ActiveCfg = Debug|Any CPU
		{11DD88F3-5CF9-42B4-B93F-2A0625D9DC44}.Debug|Any CPU.Build.0 = Debug|Any CPU
		{11DD88F3-5CF9-42B4-B93F-2A0625D9DC44}.Release|Any CPU.ActiveCfg = Release|Any CPU
		{11DD88F3-5CF9-42B4-B93F-2A0625D9DC44}.Release|Any CPU.Build.0 = Release|Any CPU
		{4724961C-F5E5-4ECF-96F3-A92B93ECCE3E}.Debug|Any CPU.ActiveCfg = Debug|Any CPU
		{4724961C-F5E5-4ECF-96F3-A92B93ECCE3E}.Debug|Any CPU.Build.0 = Debug|Any CPU
		{4724961C-F5E5-4ECF-96F3-A92B93ECCE3E}.Release|Any CPU.ActiveCfg = Release|Any CPU
		{4724961C-F5E5-4ECF-96F3-A92B93ECCE3E}.Release|Any CPU.Build.0 = Release|Any CPU
		{07BB8505-E82E-4380-BC31-B01A4E856992}.Debug|Any CPU.ActiveCfg = Debug|Any CPU
		{07BB8505-E82E-4380-BC31-B01A4E856992}.Debug|Any CPU.Build.0 = Debug|Any CPU
		{07BB8505-E82E-4380-BC31-B01A4E856992}.Release|Any CPU.ActiveCfg = Release|Any CPU
		{07BB8505-E82E-4380-BC31-B01A4E856992}.Release|Any CPU.Build.0 = Release|Any CPU
		{0737E04F-8F0C-4C50-AD96-1CAB1C481EB9}.Debug|Any CPU.ActiveCfg = Debug|Any CPU
		{0737E04F-8F0C-4C50-AD96-1CAB1C481EB9}.Debug|Any CPU.Build.0 = Debug|Any CPU
		{0737E04F-8F0C-4C50-AD96-1CAB1C481EB9}.Release|Any CPU.ActiveCfg = Release|Any CPU
		{0737E04F-8F0C-4C50-AD96-1CAB1C481EB9}.Release|Any CPU.Build.0 = Release|Any CPU
		{6C3552CE-0A81-45EB-AFDC-E90A4B342F63}.Debug|Any CPU.ActiveCfg = Debug|Any CPU
		{6C3552CE-0A81-45EB-AFDC-E90A4B342F63}.Debug|Any CPU.Build.0 = Debug|Any CPU
		{6C3552CE-0A81-45EB-AFDC-E90A4B342F63}.Release|Any CPU.ActiveCfg = Release|Any CPU
		{6C3552CE-0A81-45EB-AFDC-E90A4B342F63}.Release|Any CPU.Build.0 = Release|Any CPU
		{514C182F-BB72-4B24-8887-729113692E17}.Debug|Any CPU.ActiveCfg = Debug|Any CPU
		{514C182F-BB72-4B24-8887-729113692E17}.Debug|Any CPU.Build.0 = Debug|Any CPU
		{514C182F-BB72-4B24-8887-729113692E17}.Release|Any CPU.ActiveCfg = Release|Any CPU
		{514C182F-BB72-4B24-8887-729113692E17}.Release|Any CPU.Build.0 = Release|Any CPU
		{36073D06-1C9A-40C8-9ADA-853BE6F24C6E}.Debug|Any CPU.ActiveCfg = Debug|Any CPU
		{36073D06-1C9A-40C8-9ADA-853BE6F24C6E}.Debug|Any CPU.Build.0 = Debug|Any CPU
		{36073D06-1C9A-40C8-9ADA-853BE6F24C6E}.Release|Any CPU.ActiveCfg = Release|Any CPU
		{36073D06-1C9A-40C8-9ADA-853BE6F24C6E}.Release|Any CPU.Build.0 = Release|Any CPU
		{CCBD91BF-B22F-466E-8F03-F6B0B2C98A0C}.Debug|Any CPU.ActiveCfg = Debug|Any CPU
		{CCBD91BF-B22F-466E-8F03-F6B0B2C98A0C}.Debug|Any CPU.Build.0 = Debug|Any CPU
		{CCBD91BF-B22F-466E-8F03-F6B0B2C98A0C}.Release|Any CPU.ActiveCfg = Release|Any CPU
		{CCBD91BF-B22F-466E-8F03-F6B0B2C98A0C}.Release|Any CPU.Build.0 = Release|Any CPU
		{C2D9D1AB-7E09-4302-B9C4-E95AEBC560D9}.Debug|Any CPU.ActiveCfg = Debug|Any CPU
		{C2D9D1AB-7E09-4302-B9C4-E95AEBC560D9}.Debug|Any CPU.Build.0 = Debug|Any CPU
		{C2D9D1AB-7E09-4302-B9C4-E95AEBC560D9}.Release|Any CPU.ActiveCfg = Release|Any CPU
		{C2D9D1AB-7E09-4302-B9C4-E95AEBC560D9}.Release|Any CPU.Build.0 = Release|Any CPU
		{758587AF-76E3-42E7-98E1-3AA40F3E813E}.Debug|Any CPU.ActiveCfg = Debug|Any CPU
		{758587AF-76E3-42E7-98E1-3AA40F3E813E}.Debug|Any CPU.Build.0 = Debug|Any CPU
		{758587AF-76E3-42E7-98E1-3AA40F3E813E}.Release|Any CPU.ActiveCfg = Release|Any CPU
		{758587AF-76E3-42E7-98E1-3AA40F3E813E}.Release|Any CPU.Build.0 = Release|Any CPU
		{2BFACDC3-F44D-4199-8498-F5C3C4AC0335}.Debug|Any CPU.ActiveCfg = Debug|Any CPU
		{2BFACDC3-F44D-4199-8498-F5C3C4AC0335}.Debug|Any CPU.Build.0 = Debug|Any CPU
		{2BFACDC3-F44D-4199-8498-F5C3C4AC0335}.Release|Any CPU.ActiveCfg = Release|Any CPU
		{2BFACDC3-F44D-4199-8498-F5C3C4AC0335}.Release|Any CPU.Build.0 = Release|Any CPU
		{E461C0A8-8900-485C-B520-E929BA33F712}.Debug|Any CPU.ActiveCfg = Debug|Any CPU
		{E461C0A8-8900-485C-B520-E929BA33F712}.Debug|Any CPU.Build.0 = Debug|Any CPU
		{E461C0A8-8900-485C-B520-E929BA33F712}.Release|Any CPU.ActiveCfg = Release|Any CPU
		{E461C0A8-8900-485C-B520-E929BA33F712}.Release|Any CPU.Build.0 = Release|Any CPU
	EndGlobalSection
	GlobalSection(SolutionProperties) = preSolution
		HideSolutionNode = FALSE
	EndGlobalSection
	GlobalSection(NestedProjects) = preSolution
		{11DD88F3-5CF9-42B4-B93F-2A0625D9DC44} = {EF124BFC-E218-4314-A60D-7389CACD0C79}
		{4724961C-F5E5-4ECF-96F3-A92B93ECCE3E} = {EF124BFC-E218-4314-A60D-7389CACD0C79}
		{07BB8505-E82E-4380-BC31-B01A4E856992} = {DE54F771-A8A3-4238-B933-8FDBF77D05B4}
		{DE54F771-A8A3-4238-B933-8FDBF77D05B4} = {EF124BFC-E218-4314-A60D-7389CACD0C79}
		{0737E04F-8F0C-4C50-AD96-1CAB1C481EB9} = {DE54F771-A8A3-4238-B933-8FDBF77D05B4}
		{6C3552CE-0A81-45EB-AFDC-E90A4B342F63} = {DE54F771-A8A3-4238-B933-8FDBF77D05B4}
		{514C182F-BB72-4B24-8887-729113692E17} = {1CBA0396-2714-4095-8650-77ED88325886}
		{36073D06-1C9A-40C8-9ADA-853BE6F24C6E} = {1A94D7C7-3A14-455B-BDD1-D6FFCE8EF0F1}
		{CCBD91BF-B22F-466E-8F03-F6B0B2C98A0C} = {D080A444-3D46-4AE9-A82D-4A422B25DF94}
		{D080A444-3D46-4AE9-A82D-4A422B25DF94} = {1A94D7C7-3A14-455B-BDD1-D6FFCE8EF0F1}
		{C2D9D1AB-7E09-4302-B9C4-E95AEBC560D9} = {D080A444-3D46-4AE9-A82D-4A422B25DF94}
		{758587AF-76E3-42E7-98E1-3AA40F3E813E} = {4BBDCDE1-D96D-4C4D-BB26-6F7FE8E00E9D}
		{2BFACDC3-F44D-4199-8498-F5C3C4AC0335} = {F8FBBF98-F377-4CB6-BF3E-487006F419EB}
		{E461C0A8-8900-485C-B520-E929BA33F712} = {F8FBBF98-F377-4CB6-BF3E-487006F419EB}
	EndGlobalSection
	GlobalSection(ExtensibilityGlobals) = postSolution
		SolutionGuid = {A85C5FED-52C6-4CD6-89E1-73F3E1EEB281}
	EndGlobalSection
EndGlobal
